// !$*UTF8*$!
{
	archiveVersion = 1;
	classes = {
	};
	objectVersion = 46;
	objects = {

/* Begin PBXBuildFile section */
		BF2F69F71A013C0000462846 /* AppDelegate.m in Sources */ = {isa = PBXBuildFile; fileRef = BF2F69F61A013C0000462846 /* AppDelegate.m */; };
		BF2F69F91A013C0000462846 /* main.m in Sources */ = {isa = PBXBuildFile; fileRef = BF2F69F81A013C0000462846 /* main.m */; };
		BF2F69FB1A013C0000462846 /* Images.xcassets in Resources */ = {isa = PBXBuildFile; fileRef = BF2F69FA1A013C0000462846 /* Images.xcassets */; };
		BF2F69FE1A013C0000462846 /* MainMenu.xib in Resources */ = {isa = PBXBuildFile; fileRef = BF2F69FC1A013C0000462846 /* MainMenu.xib */; };
		BF2F6A0A1A013C0000462846 /* Parrot_StatusTests.m in Sources */ = {isa = PBXBuildFile; fileRef = BF2F6A091A013C0000462846 /* Parrot_StatusTests.m */; };
/* End PBXBuildFile section */

/* Begin PBXContainerItemProxy section */
		BF2F6A041A013C0000462846 /* PBXContainerItemProxy */ = {
			isa = PBXContainerItemProxy;
			containerPortal = BF2F69E81A013C0000462846 /* Project object */;
			proxyType = 1;
			remoteGlobalIDString = BF2F69EF1A013C0000462846;
			remoteInfo = "Parrot Status";
		};
/* End PBXContainerItemProxy section */

/* Begin PBXFileReference section */
		BF2F69F01A013C0000462846 /* Parrot Status.app */ = {isa = PBXFileReference; explicitFileType = wrapper.application; includeInIndex = 0; path = "Parrot Status.app"; sourceTree = BUILT_PRODUCTS_DIR; };
		BF2F69F41A013C0000462846 /* Info.plist */ = {isa = PBXFileReference; lastKnownFileType = text.plist.xml; path = Info.plist; sourceTree = "<group>"; };
		BF2F69F51A013C0000462846 /* AppDelegate.h */ = {isa = PBXFileReference; lastKnownFileType = sourcecode.c.h; path = AppDelegate.h; sourceTree = "<group>"; };
		BF2F69F61A013C0000462846 /* AppDelegate.m */ = {isa = PBXFileReference; lastKnownFileType = sourcecode.c.objc; path = AppDelegate.m; sourceTree = "<group>"; };
		BF2F69F81A013C0000462846 /* main.m */ = {isa = PBXFileReference; lastKnownFileType = sourcecode.c.objc; path = main.m; sourceTree = "<group>"; };
		BF2F69FA1A013C0000462846 /* Images.xcassets */ = {isa = PBXFileReference; lastKnownFileType = folder.assetcatalog; path = Images.xcassets; sourceTree = "<group>"; };
		BF2F69FD1A013C0000462846 /* Base */ = {isa = PBXFileReference; lastKnownFileType = file.xib; name = Base; path = Base.lproj/MainMenu.xib; sourceTree = "<group>"; };
		BF2F6A031A013C0000462846 /* Parrot StatusTests.xctest */ = {isa = PBXFileReference; explicitFileType = wrapper.cfbundle; includeInIndex = 0; path = "Parrot StatusTests.xctest"; sourceTree = BUILT_PRODUCTS_DIR; };
		BF2F6A081A013C0000462846 /* Info.plist */ = {isa = PBXFileReference; lastKnownFileType = text.plist.xml; path = Info.plist; sourceTree = "<group>"; };
		BF2F6A091A013C0000462846 /* Parrot_StatusTests.m */ = {isa = PBXFileReference; lastKnownFileType = sourcecode.c.objc; path = Parrot_StatusTests.m; sourceTree = "<group>"; };
/* End PBXFileReference section */

/* Begin PBXFrameworksBuildPhase section */
		BF2F69ED1A013C0000462846 /* Frameworks */ = {
			isa = PBXFrameworksBuildPhase;
			buildActionMask = 2147483647;
			files = (
			);
			runOnlyForDeploymentPostprocessing = 0;
		};
		BF2F6A001A013C0000462846 /* Frameworks */ = {
			isa = PBXFrameworksBuildPhase;
			buildActionMask = 2147483647;
			files = (
			);
			runOnlyForDeploymentPostprocessing = 0;
		};
/* End PBXFrameworksBuildPhase section */

/* Begin PBXGroup section */
		BF2F69E71A013C0000462846 = {
			isa = PBXGroup;
			children = (
				BF2F69F21A013C0000462846 /* Parrot Status */,
				BF2F6A061A013C0000462846 /* Parrot StatusTests */,
				BF2F69F11A013C0000462846 /* Products */,
			);
			sourceTree = "<group>";
		};
		BF2F69F11A013C0000462846 /* Products */ = {
			isa = PBXGroup;
			children = (
				BF2F69F01A013C0000462846 /* Parrot Status.app */,
				BF2F6A031A013C0000462846 /* Parrot StatusTests.xctest */,
			);
			name = Products;
			sourceTree = "<group>";
		};
		BF2F69F21A013C0000462846 /* Parrot Status */ = {
			isa = PBXGroup;
			children = (
				BF2F69F51A013C0000462846 /* AppDelegate.h */,
				BF2F69F61A013C0000462846 /* AppDelegate.m */,
				BF2F69FA1A013C0000462846 /* Images.xcassets */,
				BF2F69FC1A013C0000462846 /* MainMenu.xib */,
				BF2F69F31A013C0000462846 /* Supporting Files */,
			);
			path = "Parrot Status";
			sourceTree = "<group>";
		};
		BF2F69F31A013C0000462846 /* Supporting Files */ = {
			isa = PBXGroup;
			children = (
				BF2F69F41A013C0000462846 /* Info.plist */,
				BF2F69F81A013C0000462846 /* main.m */,
			);
			name = "Supporting Files";
			sourceTree = "<group>";
		};
		BF2F6A061A013C0000462846 /* Parrot StatusTests */ = {
			isa = PBXGroup;
			children = (
				BF2F6A091A013C0000462846 /* Parrot_StatusTests.m */,
				BF2F6A071A013C0000462846 /* Supporting Files */,
			);
			path = "Parrot StatusTests";
			sourceTree = "<group>";
		};
		BF2F6A071A013C0000462846 /* Supporting Files */ = {
			isa = PBXGroup;
			children = (
				BF2F6A081A013C0000462846 /* Info.plist */,
			);
			name = "Supporting Files";
			sourceTree = "<group>";
		};
/* End PBXGroup section */

/* Begin PBXNativeTarget section */
		BF2F69EF1A013C0000462846 /* Parrot Status */ = {
			isa = PBXNativeTarget;
			buildConfigurationList = BF2F6A0D1A013C0000462846 /* Build configuration list for PBXNativeTarget "Parrot Status" */;
			buildPhases = (
				BF2F69EC1A013C0000462846 /* Sources */,
				BF2F69ED1A013C0000462846 /* Frameworks */,
				BF2F69EE1A013C0000462846 /* Resources */,
			);
			buildRules = (
			);
			dependencies = (
			);
			name = "Parrot Status";
			productName = "Parrot Status";
			productReference = BF2F69F01A013C0000462846 /* Parrot Status.app */;
			productType = "com.apple.product-type.application";
		};
		BF2F6A021A013C0000462846 /* Parrot StatusTests */ = {
			isa = PBXNativeTarget;
			buildConfigurationList = BF2F6A101A013C0000462846 /* Build configuration list for PBXNativeTarget "Parrot StatusTests" */;
			buildPhases = (
				BF2F69FF1A013C0000462846 /* Sources */,
				BF2F6A001A013C0000462846 /* Frameworks */,
				BF2F6A011A013C0000462846 /* Resources */,
			);
			buildRules = (
			);
			dependencies = (
				BF2F6A051A013C0000462846 /* PBXTargetDependency */,
			);
			name = "Parrot StatusTests";
			productName = "Parrot StatusTests";
			productReference = BF2F6A031A013C0000462846 /* Parrot StatusTests.xctest */;
			productType = "com.apple.product-type.bundle.unit-test";
		};
/* End PBXNativeTarget section */

/* Begin PBXProject section */
		BF2F69E81A013C0000462846 /* Project object */ = {
			isa = PBXProject;
			attributes = {
				LastUpgradeCheck = 0610;
				ORGANIZATIONNAME = KillerDeMouches;
				TargetAttributes = {
					BF2F69EF1A013C0000462846 = {
						CreatedOnToolsVersion = 6.1;
					};
					BF2F6A021A013C0000462846 = {
						CreatedOnToolsVersion = 6.1;
						TestTargetID = BF2F69EF1A013C0000462846;
					};
				};
			};
			buildConfigurationList = BF2F69EB1A013C0000462846 /* Build configuration list for PBXProject "Parrot Status" */;
			compatibilityVersion = "Xcode 3.2";
			developmentRegion = English;
			hasScannedForEncodings = 0;
			knownRegions = (
				en,
				Base,
			);
			mainGroup = BF2F69E71A013C0000462846;
			productRefGroup = BF2F69F11A013C0000462846 /* Products */;
			projectDirPath = "";
			projectRoot = "";
			targets = (
				BF2F69EF1A013C0000462846 /* Parrot Status */,
				BF2F6A021A013C0000462846 /* Parrot StatusTests */,
			);
		};
/* End PBXProject section */

/* Begin PBXResourcesBuildPhase section */
		BF2F69EE1A013C0000462846 /* Resources */ = {
			isa = PBXResourcesBuildPhase;
			buildActionMask = 2147483647;
			files = (
				BF2F69FB1A013C0000462846 /* Images.xcassets in Resources */,
				BF2F69FE1A013C0000462846 /* MainMenu.xib in Resources */,
			);
			runOnlyForDeploymentPostprocessing = 0;
		};
		BF2F6A011A013C0000462846 /* Resources */ = {
			isa = PBXResourcesBuildPhase;
			buildActionMask = 2147483647;
			files = (
			);
			runOnlyForDeploymentPostprocessing = 0;
		};
/* End PBXResourcesBuildPhase section */

/* Begin PBXSourcesBuildPhase section */
		BF2F69EC1A013C0000462846 /* Sources */ = {
			isa = PBXSourcesBuildPhase;
			buildActionMask = 2147483647;
			files = (
				BF2F69F91A013C0000462846 /* main.m in Sources */,
				BF2F69F71A013C0000462846 /* AppDelegate.m in Sources */,
			);
			runOnlyForDeploymentPostprocessing = 0;
		};
		BF2F69FF1A013C0000462846 /* Sources */ = {
			isa = PBXSourcesBuildPhase;
			buildActionMask = 2147483647;
			files = (
				BF2F6A0A1A013C0000462846 /* Parrot_StatusTests.m in Sources */,
			);
			runOnlyForDeploymentPostprocessing = 0;
		};
/* End PBXSourcesBuildPhase section */

/* Begin PBXTargetDependency section */
		BF2F6A051A013C0000462846 /* PBXTargetDependency */ = {
			isa = PBXTargetDependency;
			target = BF2F69EF1A013C0000462846 /* Parrot Status */;
			targetProxy = BF2F6A041A013C0000462846 /* PBXContainerItemProxy */;
		};
/* End PBXTargetDependency section */

/* Begin PBXVariantGroup section */
		BF2F69FC1A013C0000462846 /* MainMenu.xib */ = {
			isa = PBXVariantGroup;
			children = (
				BF2F69FD1A013C0000462846 /* Base */,
			);
			name = MainMenu.xib;
			sourceTree = "<group>";
		};
/* End PBXVariantGroup section */

/* Begin XCBuildConfiguration section */
		BF2F6A0B1A013C0000462846 /* Debug */ = {
			isa = XCBuildConfiguration;
			buildSettings = {
				ALWAYS_SEARCH_USER_PATHS = NO;
				CLANG_CXX_LANGUAGE_STANDARD = "gnu++0x";
				CLANG_CXX_LIBRARY = "libc++";
				CLANG_ENABLE_MODULES = YES;
				CLANG_ENABLE_OBJC_ARC = YES;
				CLANG_WARN_BOOL_CONVERSION = YES;
				CLANG_WARN_CONSTANT_CONVERSION = YES;
				CLANG_WARN_DIRECT_OBJC_ISA_USAGE = YES_ERROR;
				CLANG_WARN_EMPTY_BODY = YES;
				CLANG_WARN_ENUM_CONVERSION = YES;
				CLANG_WARN_INT_CONVERSION = YES;
				CLANG_WARN_OBJC_ROOT_CLASS = YES_ERROR;
				CLANG_WARN_UNREACHABLE_CODE = YES;
				CLANG_WARN__DUPLICATE_METHOD_MATCH = YES;
				CODE_SIGN_IDENTITY = "-";
				COPY_PHASE_STRIP = NO;
				ENABLE_STRICT_OBJC_MSGSEND = YES;
				GCC_C_LANGUAGE_STANDARD = gnu99;
				GCC_DYNAMIC_NO_PIC = NO;
				GCC_OPTIMIZATION_LEVEL = 0;
				GCC_PREPROCESSOR_DEFINITIONS = (
					"DEBUG=1",
					"$(inherited)",
				);
				GCC_SYMBOLS_PRIVATE_EXTERN = NO;
				GCC_WARN_64_TO_32_BIT_CONVERSION = YES;
				GCC_WARN_ABOUT_RETURN_TYPE = YES_ERROR;
				GCC_WARN_UNDECLARED_SELECTOR = YES;
				GCC_WARN_UNINITIALIZED_AUTOS = YES_AGGRESSIVE;
				GCC_WARN_UNUSED_FUNCTION = YES;
				GCC_WARN_UNUSED_VARIABLE = YES;
				MACOSX_DEPLOYMENT_TARGET = 10.10;
				MTL_ENABLE_DEBUG_INFO = YES;
				ONLY_ACTIVE_ARCH = YES;
				SDKROOT = macosx;
			};
			name = Debug;
		};
		BF2F6A0C1A013C0000462846 /* Release */ = {
			isa = XCBuildConfiguration;
			buildSettings = {
				ALWAYS_SEARCH_USER_PATHS = NO;
				CLANG_CXX_LANGUAGE_STANDARD = "gnu++0x";
				CLANG_CXX_LIBRARY = "libc++";
				CLANG_ENABLE_MODULES = YES;
				CLANG_ENABLE_OBJC_ARC = YES;
				CLANG_WARN_BOOL_CONVERSION = YES;
				CLANG_WARN_CONSTANT_CONVERSION = YES;
				CLANG_WARN_DIRECT_OBJC_ISA_USAGE = YES_ERROR;
				CLANG_WARN_EMPTY_BODY = YES;
				CLANG_WARN_ENUM_CONVERSION = YES;
				CLANG_WARN_INT_CONVERSION = YES;
				CLANG_WARN_OBJC_ROOT_CLASS = YES_ERROR;
				CLANG_WARN_UNREACHABLE_CODE = YES;
				CLANG_WARN__DUPLICATE_METHOD_MATCH = YES;
				CODE_SIGN_IDENTITY = "-";
				COPY_PHASE_STRIP = YES;
				DEBUG_INFORMATION_FORMAT = "dwarf-with-dsym";
				ENABLE_NS_ASSERTIONS = NO;
				ENABLE_STRICT_OBJC_MSGSEND = YES;
				GCC_C_LANGUAGE_STANDARD = gnu99;
				GCC_WARN_64_TO_32_BIT_CONVERSION = YES;
				GCC_WARN_ABOUT_RETURN_TYPE = YES_ERROR;
				GCC_WARN_UNDECLARED_SELECTOR = YES;
				GCC_WARN_UNINITIALIZED_AUTOS = YES_AGGRESSIVE;
				GCC_WARN_UNUSED_FUNCTION = YES;
				GCC_WARN_UNUSED_VARIABLE = YES;
				MACOSX_DEPLOYMENT_TARGET = 10.10;
				MTL_ENABLE_DEBUG_INFO = NO;
				SDKROOT = macosx;
			};
			name = Release;
		};
		BF2F6A0E1A013C0000462846 /* Debug */ = {
			isa = XCBuildConfiguration;
			buildSettings = {
				ASSETCATALOG_COMPILER_APPICON_NAME = AppIcon;
				COMBINE_HIDPI_IMAGES = YES;
				INFOPLIST_FILE = "Parrot Status/Info.plist";
				LD_RUNPATH_SEARCH_PATHS = "$(inherited) @executable_path/../Frameworks";
				PRODUCT_NAME = "$(TARGET_NAME)";
			};
			name = Debug;
		};
		BF2F6A0F1A013C0000462846 /* Release */ = {
			isa = XCBuildConfiguration;
			buildSettings = {
				ASSETCATALOG_COMPILER_APPICON_NAME = AppIcon;
				COMBINE_HIDPI_IMAGES = YES;
				INFOPLIST_FILE = "Parrot Status/Info.plist";
				LD_RUNPATH_SEARCH_PATHS = "$(inherited) @executable_path/../Frameworks";
				PRODUCT_NAME = "$(TARGET_NAME)";
			};
			name = Release;
		};
		BF2F6A111A013C0000462846 /* Debug */ = {
			isa = XCBuildConfiguration;
			buildSettings = {
				BUNDLE_LOADER = "$(TEST_HOST)";
				COMBINE_HIDPI_IMAGES = YES;
				FRAMEWORK_SEARCH_PATHS = (
					"$(DEVELOPER_FRAMEWORKS_DIR)",
					"$(inherited)",
				);
				GCC_PREPROCESSOR_DEFINITIONS = (
					"DEBUG=1",
					"$(inherited)",
				);
				INFOPLIST_FILE = "Parrot StatusTests/Info.plist";
				LD_RUNPATH_SEARCH_PATHS = "$(inherited) @executable_path/../Frameworks @loader_path/../Frameworks";
				PRODUCT_NAME = "$(TARGET_NAME)";
				TEST_HOST = "$(BUILT_PRODUCTS_DIR)/Parrot Status.app/Contents/MacOS/Parrot Status";
			};
			name = Debug;
		};
		BF2F6A121A013C0000462846 /* Release */ = {
			isa = XCBuildConfiguration;
			buildSettings = {
				BUNDLE_LOADER = "$(TEST_HOST)";
				COMBINE_HIDPI_IMAGES = YES;
				FRAMEWORK_SEARCH_PATHS = (
					"$(DEVELOPER_FRAMEWORKS_DIR)",
					"$(inherited)",
				);
				INFOPLIST_FILE = "Parrot StatusTests/Info.plist";
				LD_RUNPATH_SEARCH_PATHS = "$(inherited) @executable_path/../Frameworks @loader_path/../Frameworks";
				PRODUCT_NAME = "$(TARGET_NAME)";
				TEST_HOST = "$(BUILT_PRODUCTS_DIR)/Parrot Status.app/Contents/MacOS/Parrot Status";
			};
			name = Release;
		};
/* End XCBuildConfiguration section */

/* Begin XCConfigurationList section */
		BF2F69EB1A013C0000462846 /* Build configuration list for PBXProject "Parrot Status" */ = {
			isa = XCConfigurationList;
			buildConfigurations = (
				BF2F6A0B1A013C0000462846 /* Debug */,
				BF2F6A0C1A013C0000462846 /* Release */,
			);
			defaultConfigurationIsVisible = 0;
			defaultConfigurationName = Release;
		};
		BF2F6A0D1A013C0000462846 /* Build configuration list for PBXNativeTarget "Parrot Status" */ = {
			isa = XCConfigurationList;
			buildConfigurations = (
				BF2F6A0E1A013C0000462846 /* Debug */,
				BF2F6A0F1A013C0000462846 /* Release */,
			);
			defaultConfigurationIsVisible = 0;
		};
		BF2F6A101A013C0000462846 /* Build configuration list for PBXNativeTarget "Parrot StatusTests" */ = {
			isa = XCConfigurationList;
			buildConfigurations = (
				BF2F6A111A013C0000462846 /* Debug */,
				BF2F6A121A013C0000462846 /* Release */,
			);
			defaultConfigurationIsVisible = 0;
		};
/* End XCConfigurationList section */
	};
	rootObject = BF2F69E81A013C0000462846 /* Project object */;
}
